{
  "name": "client",
  "version": "1.0.0",
  "lockfileVersion": 1,
  "requires": true,
  "dependencies": {
    "@heroiclabs/nakama-js": {
      "version": "2.4.1",
      "resolved": "https://registry.npmjs.org/@heroiclabs/nakama-js/-/nakama-js-2.4.1.tgz",
      "integrity": "sha512-NrWyArQ+G5oxR5FTWuhkyCDPyXGz1uoL458VDxBqepvMjQl+rP98TdW1T6OfaWX5gejqu3eeR54+9GJMFFFPqw==",
      "requires": {
        "js-base64": "^3.6.0",
        "whatwg-fetch": "^2.0.3"
      }
    },
    "js-base64": {
      "version": "3.7.2",
      "resolved": "https://registry.npmjs.org/js-base64/-/js-base64-3.7.2.tgz",
      "integrity": "sha512-NnRs6dsyqUXejqk/yv2aiXlAvOs56sLkX6nUdeaNezI5LFFLlsZjOThmwnrcwh5ZZRwZlCMnVAY3CvhIhoVEKQ=="
    },
    "whatwg-fetch": {
      "version": "2.0.4",
      "resolved": "https://registry.npmjs.org/whatwg-fetch/-/whatwg-fetch-2.0.4.tgz",
      "integrity": "sha512-dcQ1GWpOD/eEQ97k66aiEVpNnapVj90/+R+SXTPYGHpYBBypfKJEQjLrvMZ7YXbKm21gXd4NcuxUTjiv1YtLng=="
    }
  }
}
